
Microsoft Visual Studio Solution File, Format Version 12.00
# Visual Studio Version 17
VisualStudioVersion = 17.11.35312.102
MinimumVisualStudioVersion = 10.0.40219.1
Project("{FAE04EC0-301F-11D3-BF4B-00C04F79EFBC}") = "WebApplication_BasicAuth", "WebApplication_BasicAuth\WebApplication_BasicAuth.csproj", "{BD949D1E-5115-4E75-AF32-810EB36140C1}"
EndProject
Global
	GlobalSection(SolutionConfigurationPlatforms) = preSolution
		Debug|Any CPU = Debug|Any CPU
		Release|Any CPU = Release|Any CPU
	EndGlobalSection
	GlobalSection(ProjectConfigurationPlatforms) = postSolution
		{BD949D1E-5115-4E75-AF32-810EB36140C1}.Debug|Any CPU.ActiveCfg = Debug|Any CPU
		{BD949D1E-5115-4E75-AF32-810EB36140C1}.Debug|Any CPU.Build.0 = Debug|Any CPU
		{BD949D1E-5115-4E75-AF32-810EB36140C1}.Release|Any CPU.ActiveCfg = Release|Any CPU
		{BD949D1E-5115-4E75-AF32-810EB36140C1}.Release|Any CPU.Build.0 = Release|Any CPU
	EndGlobalSection
	GlobalSection(SolutionProperties) = preSolution
		HideSolutionNode = FALSE
	EndGlobalSection
	GlobalSection(ExtensibilityGlobals) = postSolution
		SolutionGuid = {505FABDF-5B50-4A91-AFE1-A6E97D49D0D5}
	EndGlobalSection
EndGlobal
